
Microsoft Visual Studio Solution File, Format Version 12.00
# Visual Studio Version 16
VisualStudioVersion = 16.0.30011.22
MinimumVisualStudioVersion = 10.0.40219.1
Project("{FAE04EC0-301F-11D3-BF4B-00C04F79EFBC}") = "Appservicetestapp01", "Appservicetestapp01\Appservicetestapp01.csproj", "{3A899DF3-4CE3-4696-9C98-FC19FD54CED4}"
EndProject
Global
	GlobalSection(SolutionConfigurationPlatforms) = preSolution
		Debug|Any CPU = Debug|Any CPU
		Release|Any CPU = Release|Any CPU
	EndGlobalSection
	GlobalSection(ProjectConfigurationPlatforms) = postSolution
		{3A899DF3-4CE3-4696-9C98-FC19FD54CED4}.Debug|Any CPU.ActiveCfg = Debug|Any CPU
		{3A899DF3-4CE3-4696-9C98-FC19FD54CED4}.Debug|Any CPU.Build.0 = Debug|Any CPU
		{3A899DF3-4CE3-4696-9C98-FC19FD54CED4}.Release|Any CPU.ActiveCfg = Release|Any CPU
		{3A899DF3-4CE3-4696-9C98-FC19FD54CED4}.Release|Any CPU.Build.0 = Release|Any CPU
	EndGlobalSection
	GlobalSection(SolutionProperties) = preSolution
		HideSolutionNode = FALSE
	EndGlobalSection
	GlobalSection(ExtensibilityGlobals) = postSolution
		SolutionGuid = {B437102C-C064-4650-A415-087F70E896CF}
	EndGlobalSection
EndGlobal
